
Microsoft Visual Studio Solution File, Format Version 12.00
# Visual Studio Version 16
VisualStudioVersion = 16.0.32228.343
MinimumVisualStudioVersion = 10.0.40219.1
Project("{FAE04EC0-301F-11D3-BF4B-00C04F79EFBC}") = "ParaPharmacie", "ParaPharmacie\ParaPharmacie.csproj", "{7F382C7B-CE58-4AD9-A672-2581D84B405D}"
EndProject
Global
	GlobalSection(SolutionConfigurationPlatforms) = preSolution
		Debug|Any CPU = Debug|Any CPU
		Release|Any CPU = Release|Any CPU
	EndGlobalSection
	GlobalSection(ProjectConfigurationPlatforms) = postSolution
		{7F382C7B-CE58-4AD9-A672-2581D84B405D}.Debug|Any CPU.ActiveCfg = Debug|Any CPU
		{7F382C7B-CE58-4AD9-A672-2581D84B405D}.Debug|Any CPU.Build.0 = Debug|Any CPU
		{7F382C7B-CE58-4AD9-A672-2581D84B405D}.Release|Any CPU.ActiveCfg = Release|Any CPU
		{7F382C7B-CE58-4AD9-A672-2581D84B405D}.Release|Any CPU.Build.0 = Release|Any CPU
	EndGlobalSection
	GlobalSection(SolutionProperties) = preSolution
		HideSolutionNode = FALSE
	EndGlobalSection
	GlobalSection(ExtensibilityGlobals) = postSolution
		SolutionGuid = {A4E0BCAD-1395-4B32-9393-8A10C442E0F6}
	EndGlobalSection
EndGlobal
